
Microsoft Visual Studio Solution File, Format Version 12.00
# Visual Studio Version 16
VisualStudioVersion = 16.0.28803.452
MinimumVisualStudioVersion = 10.0.40219.1
Project("{FAE04EC0-301F-11D3-BF4B-00C04F79EFBC}") = "ToSClaimTrackingTool", "ToSClaimTrackingTool\ToSClaimTrackingTool.csproj", "{AEDE9EEE-9A81-4699-9E8B-7E02C4700BEC}"
EndProject
Global
	GlobalSection(SolutionConfigurationPlatforms) = preSolution
		Debug|Any CPU = Debug|Any CPU
		Debug|x86 = Debug|x86
		Release|Any CPU = Release|Any CPU
		Release|x86 = Release|x86
	EndGlobalSection
	GlobalSection(ProjectConfigurationPlatforms) = postSolution
		{AEDE9EEE-9A81-4699-9E8B-7E02C4700BEC}.Debug|Any CPU.ActiveCfg = Debug|Any CPU
		{AEDE9EEE-9A81-4699-9E8B-7E02C4700BEC}.Debug|Any CPU.Build.0 = Debug|Any CPU
		{AEDE9EEE-9A81-4699-9E8B-7E02C4700BEC}.Debug|x86.ActiveCfg = Debug|x86
		{AEDE9EEE-9A81-4699-9E8B-7E02C4700BEC}.Debug|x86.Build.0 = Debug|x86
		{AEDE9EEE-9A81-4699-9E8B-7E02C4700BEC}.Release|Any CPU.ActiveCfg = Release|Any CPU
		{AEDE9EEE-9A81-4699-9E8B-7E02C4700BEC}.Release|Any CPU.Build.0 = Release|Any CPU
		{AEDE9EEE-9A81-4699-9E8B-7E02C4700BEC}.Release|x86.ActiveCfg = Release|x86
		{AEDE9EEE-9A81-4699-9E8B-7E02C4700BEC}.Release|x86.Build.0 = Release|x86
	EndGlobalSection
	GlobalSection(SolutionProperties) = preSolution
		HideSolutionNode = FALSE
	EndGlobalSection
	GlobalSection(ExtensibilityGlobals) = postSolution
		SolutionGuid = {7D0DA56B-90E3-4688-9A3C-77FB9A9F10EA}
	EndGlobalSection
EndGlobal
